
Microsoft Visual Studio Solution File, Format Version 12.00
# Visual Studio 14
VisualStudioVersion = 14.0.25420.1
MinimumVisualStudioVersion = 10.0.40219.1
Project("{FAE04EC0-301F-11D3-BF4B-00C04F79EFBC}") = "AppChat.SignalRHostSelf", "SignalRService\AppChat.SignalRHostSelf.csproj", "{3D133AAD-C093-4634-833F-6063C64A230D}"
EndProject
Project("{FAE04EC0-301F-11D3-BF4B-00C04F79EFBC}") = "AppChat.ElasticSearch", "AppChat.Elastic\AppChat.ElasticSearch.csproj", "{6F200504-3A09-437A-93B8-5A610B420E0B}"
EndProject
Project("{FAE04EC0-301F-11D3-BF4B-00C04F79EFBC}") = "AppChat.Utils", "AppChat.Utils\AppChat.Utils.csproj", "{1366E83A-EAD1-4DE4-BC80-523F15BB42B9}"
EndProject
Project("{FAE04EC0-301F-11D3-BF4B-00C04F79EFBC}") = "AppChat.Cache", "AppChat.Cache\AppChat.Cache.csproj", "{C9B23AAC-1CF3-427D-9CA0-46C8FA4E1A60}"
EndProject
Project("{FAE04EC0-301F-11D3-BF4B-00C04F79EFBC}") = "AppChat.DI", "AppChat.DI\AppChat.DI.csproj", "{59C54F76-94D2-4459-8A36-44DF6F499F4C}"
EndProject
Project("{2150E333-8FDC-42A3-9474-1A3956D46DE8}") = "Libraries", "Libraries", "{B8592017-544C-489D-8F21-942AA339EB23}"
EndProject
Project("{2150E333-8FDC-42A3-9474-1A3956D46DE8}") = "HostSelf", "HostSelf", "{F22EF931-6FFF-4381-A6AC-104BE27B4194}"
EndProject
Project("{2150E333-8FDC-42A3-9474-1A3956D46DE8}") = "Common", "Common", "{0DEA08FB-6A26-4EA3-A174-254196249F5A}"
EndProject
Project("{FAE04EC0-301F-11D3-BF4B-00C04F79EFBC}") = "AppChat.Model", "AppChat.Model\AppChat.Model.csproj", "{0AAE7A54-1F23-49AA-A3BA-B03D1E399346}"
EndProject
Project("{FAE04EC0-301F-11D3-BF4B-00C04F79EFBC}") = "AppChat.Service", "AppChat.Service\AppChat.Service.csproj", "{1232FC25-093E-4866-BE60-00D2DD97147C}"
EndProject
Project("{2150E333-8FDC-42A3-9474-1A3956D46DE8}") = "API", "API", "{262C3509-04A1-4696-ABB4-DDC63499F9B1}"
EndProject
Project("{2150E333-8FDC-42A3-9474-1A3956D46DE8}") = "ORM", "ORM", "{D73C2FB6-531C-4D7C-9D54-26EC9E3C930A}"
EndProject
Project("{FAE04EC0-301F-11D3-BF4B-00C04F79EFBC}") = "SqlSugar", "SqlSugar\SqlSugar.csproj", "{489BB790-226C-4FAD-8D1E-51D72A7FF8E5}"
EndProject
Project("{FAE04EC0-301F-11D3-BF4B-00C04F79EFBC}") = "AppChat.IMApi", "AppChat.IMApi\AppChat.IMApi.csproj", "{D5F8A33F-8106-461B-B053-607E740DA9DA}"
EndProject
Project("{FAE04EC0-301F-11D3-BF4B-00C04F79EFBC}") = "AppChat.IMApi.Tests", "AppChat.IMApi.Tests\AppChat.IMApi.Tests.csproj", "{2C0AF114-4EED-44F3-BE03-289F09C5EFEE}"
EndProject
Global
	GlobalSection(SolutionConfigurationPlatforms) = preSolution
		Debug|Any CPU = Debug|Any CPU
		Release|Any CPU = Release|Any CPU
	EndGlobalSection
	GlobalSection(ProjectConfigurationPlatforms) = postSolution
		{3D133AAD-C093-4634-833F-6063C64A230D}.Debug|Any CPU.ActiveCfg = Debug|Any CPU
		{3D133AAD-C093-4634-833F-6063C64A230D}.Debug|Any CPU.Build.0 = Debug|Any CPU
		{3D133AAD-C093-4634-833F-6063C64A230D}.Release|Any CPU.ActiveCfg = Release|Any CPU
		{3D133AAD-C093-4634-833F-6063C64A230D}.Release|Any CPU.Build.0 = Release|Any CPU
		{6F200504-3A09-437A-93B8-5A610B420E0B}.Debug|Any CPU.ActiveCfg = Debug|Any CPU
		{6F200504-3A09-437A-93B8-5A610B420E0B}.Debug|Any CPU.Build.0 = Debug|Any CPU
		{6F200504-3A09-437A-93B8-5A610B420E0B}.Release|Any CPU.ActiveCfg = Release|Any CPU
		{6F200504-3A09-437A-93B8-5A610B420E0B}.Release|Any CPU.Build.0 = Release|Any CPU
		{1366E83A-EAD1-4DE4-BC80-523F15BB42B9}.Debug|Any CPU.ActiveCfg = Debug|Any CPU
		{1366E83A-EAD1-4DE4-BC80-523F15BB42B9}.Debug|Any CPU.Build.0 = Debug|Any CPU
		{1366E83A-EAD1-4DE4-BC80-523F15BB42B9}.Release|Any CPU.ActiveCfg = Release|Any CPU
		{1366E83A-EAD1-4DE4-BC80-523F15BB42B9}.Release|Any CPU.Build.0 = Release|Any CPU
		{C9B23AAC-1CF3-427D-9CA0-46C8FA4E1A60}.Debug|Any CPU.ActiveCfg = Debug|Any CPU
		{C9B23AAC-1CF3-427D-9CA0-46C8FA4E1A60}.Debug|Any CPU.Build.0 = Debug|Any CPU
		{C9B23AAC-1CF3-427D-9CA0-46C8FA4E1A60}.Release|Any CPU.ActiveCfg = Release|Any CPU
		{C9B23AAC-1CF3-427D-9CA0-46C8FA4E1A60}.Release|Any CPU.Build.0 = Release|Any CPU
		{59C54F76-94D2-4459-8A36-44DF6F499F4C}.Debug|Any CPU.ActiveCfg = Debug|Any CPU
		{59C54F76-94D2-4459-8A36-44DF6F499F4C}.Debug|Any CPU.Build.0 = Debug|Any CPU
		{59C54F76-94D2-4459-8A36-44DF6F499F4C}.Release|Any CPU.ActiveCfg = Release|Any CPU
		{59C54F76-94D2-4459-8A36-44DF6F499F4C}.Release|Any CPU.Build.0 = Release|Any CPU
		{0AAE7A54-1F23-49AA-A3BA-B03D1E399346}.Debug|Any CPU.ActiveCfg = Debug|Any CPU
		{0AAE7A54-1F23-49AA-A3BA-B03D1E399346}.Debug|Any CPU.Build.0 = Debug|Any CPU
		{0AAE7A54-1F23-49AA-A3BA-B03D1E399346}.Release|Any CPU.ActiveCfg = Release|Any CPU
		{0AAE7A54-1F23-49AA-A3BA-B03D1E399346}.Release|Any CPU.Build.0 = Release|Any CPU
		{1232FC25-093E-4866-BE60-00D2DD97147C}.Debug|Any CPU.ActiveCfg = Debug|Any CPU
		{1232FC25-093E-4866-BE60-00D2DD97147C}.Debug|Any CPU.Build.0 = Debug|Any CPU
		{1232FC25-093E-4866-BE60-00D2DD97147C}.Release|Any CPU.ActiveCfg = Release|Any CPU
		{1232FC25-093E-4866-BE60-00D2DD97147C}.Release|Any CPU.Build.0 = Release|Any CPU
		{489BB790-226C-4FAD-8D1E-51D72A7FF8E5}.Debug|Any CPU.ActiveCfg = Debug|Any CPU
		{489BB790-226C-4FAD-8D1E-51D72A7FF8E5}.Debug|Any CPU.Build.0 = Debug|Any CPU
		{489BB790-226C-4FAD-8D1E-51D72A7FF8E5}.Release|Any CPU.ActiveCfg = Release|Any CPU
		{489BB790-226C-4FAD-8D1E-51D72A7FF8E5}.Release|Any CPU.Build.0 = Release|Any CPU
		{D5F8A33F-8106-461B-B053-607E740DA9DA}.Debug|Any CPU.ActiveCfg = Debug|Any CPU
		{D5F8A33F-8106-461B-B053-607E740DA9DA}.Debug|Any CPU.Build.0 = Debug|Any CPU
		{D5F8A33F-8106-461B-B053-607E740DA9DA}.Release|Any CPU.ActiveCfg = Release|Any CPU
		{D5F8A33F-8106-461B-B053-607E740DA9DA}.Release|Any CPU.Build.0 = Release|Any CPU
		{2C0AF114-4EED-44F3-BE03-289F09C5EFEE}.Debug|Any CPU.ActiveCfg = Debug|Any CPU
		{2C0AF114-4EED-44F3-BE03-289F09C5EFEE}.Debug|Any CPU.Build.0 = Debug|Any CPU
		{2C0AF114-4EED-44F3-BE03-289F09C5EFEE}.Release|Any CPU.ActiveCfg = Release|Any CPU
		{2C0AF114-4EED-44F3-BE03-289F09C5EFEE}.Release|Any CPU.Build.0 = Release|Any CPU
	EndGlobalSection
	GlobalSection(SolutionProperties) = preSolution
		HideSolutionNode = FALSE
	EndGlobalSection
	GlobalSection(NestedProjects) = preSolution
		{3D133AAD-C093-4634-833F-6063C64A230D} = {F22EF931-6FFF-4381-A6AC-104BE27B4194}
		{6F200504-3A09-437A-93B8-5A610B420E0B} = {B8592017-544C-489D-8F21-942AA339EB23}
		{1366E83A-EAD1-4DE4-BC80-523F15BB42B9} = {0DEA08FB-6A26-4EA3-A174-254196249F5A}
		{C9B23AAC-1CF3-427D-9CA0-46C8FA4E1A60} = {B8592017-544C-489D-8F21-942AA339EB23}
		{59C54F76-94D2-4459-8A36-44DF6F499F4C} = {0DEA08FB-6A26-4EA3-A174-254196249F5A}
		{0AAE7A54-1F23-49AA-A3BA-B03D1E399346} = {B8592017-544C-489D-8F21-942AA339EB23}
		{1232FC25-093E-4866-BE60-00D2DD97147C} = {B8592017-544C-489D-8F21-942AA339EB23}
		{489BB790-226C-4FAD-8D1E-51D72A7FF8E5} = {D73C2FB6-531C-4D7C-9D54-26EC9E3C930A}
		{D5F8A33F-8106-461B-B053-607E740DA9DA} = {262C3509-04A1-4696-ABB4-DDC63499F9B1}
		{2C0AF114-4EED-44F3-BE03-289F09C5EFEE} = {262C3509-04A1-4696-ABB4-DDC63499F9B1}
	EndGlobalSection
EndGlobal
